// !$*UTF8*$!
{
	archiveVersion = 1;
	classes = {
	};
	objectVersion = 77;
	objects = {

/* Begin PBXBuildFile section */
		036ACB373060B8C100675FEA /* metar Watch App.app in Embed Watch Content */ = {isa = PBXBuildFile; fileRef = 036ACB363060B8C100675FEA /* metar Watch App.app */; settings = {ATTRIBUTES = (RemoveHeadersOnCopy, ); }; };
		036ACB50A000000000000001 /* metar Complications.appex in Embed Watch Extensions */ = {isa = PBXBuildFile; fileRef = 036ACB51A000000000000001 /* metar Complications.appex */; settings = {ATTRIBUTES = (RemoveHeadersOnCopy, ); }; };
		036ACB54A000000000000001 /* METARComplication.swift in Sources */ = {isa = PBXBuildFile; fileRef = 036ACB53A000000000000001 /* METARComplication.swift */; };
/* End PBXBuildFile section */

/* Begin PBXContainerItemProxy section */
		036ACB383060B8C100675FEA /* PBXContainerItemProxy */ = {
			isa = PBXContainerItemProxy;
			containerPortal = 036ACB2A3060B8C100675FEA /* Project object */;
			proxyType = 1;
			remoteGlobalIDString = 036ACB353060B8C100675FEA;
			remoteInfo = "metar Watch App";
		};
		036ACB5DA000000000000001 /* PBXContainerItemProxy */ = {
			isa = PBXContainerItemProxy;
			containerPortal = 036ACB2A3060B8C100675FEA /* Project object */;
			proxyType = 1;
			remoteGlobalIDString = 036ACB56A000000000000001;
			remoteInfo = "metar Complications";
		};
/* End PBXContainerItemProxy section */

/* Begin PBXCopyFilesBuildPhase section */
		036ACB463060B8C200675FEA /* Embed Watch Content */ = {
			isa = PBXCopyFilesBuildPhase;
			buildActionMask = 2147483647;
			dstPath = "$(CONTENTS_FOLDER_PATH)/Watch";
			dstSubfolderSpec = 16;
			files = (
				036ACB373060B8C100675FEA /* metar Watch App.app in Embed Watch Content */,
			);
			name = "Embed Watch Content";
			runOnlyForDeploymentPostprocessing = 0;
		};
		036ACB59A000000000000001 /* Embed Watch Extensions */ = {
			isa = PBXCopyFilesBuildPhase;
			buildActionMask = 2147483647;
			dstPath = "$(CONTENTS_FOLDER_PATH)/PlugIns";
			dstSubfolderSpec = 13;
			files = (
				036ACB50A000000000000001 /* metar Complications.appex in Embed Watch Extensions */,
			);
			name = "Embed Watch Extensions";
			runOnlyForDeploymentPostprocessing = 0;
		};
/* End PBXCopyFilesBuildPhase section */

/* Begin PBXFileReference section */
		036ACB303060B8C100675FEA /* metar.app */ = {isa = PBXFileReference; explicitFileType = wrapper.application; includeInIndex = 0; name = metar.app; path = "METAR - Free Aviation WX.app"; sourceTree = BUILT_PRODUCTS_DIR; };
		036ACB363060B8C100675FEA /* metar Watch App.app */ = {isa = PBXFileReference; explicitFileType = wrapper.application; includeInIndex = 0; path = "metar Watch App.app"; sourceTree = BUILT_PRODUCTS_DIR; };
		036ACB51A000000000000001 /* metar Complications.appex */ = {isa = PBXFileReference; explicitFileType = "wrapper.app-extension"; includeInIndex = 0; path = "metar Complications.appex"; sourceTree = BUILT_PRODUCTS_DIR; };
		036ACB53A000000000000001 /* METARComplication.swift */ = {isa = PBXFileReference; lastKnownFileType = sourcecode.swift; path = METARComplication.swift; sourceTree = "<group>"; };
		036ACB61A000000000000001 /* Info.plist */ = {isa = PBXFileReference; lastKnownFileType = text.plist.xml; path = Info.plist; sourceTree = "<group>"; };
/* End PBXFileReference section */

/* Begin PBXFileSystemSynchronizedRootGroup section */
		036ACB3A3060B8C100675FEA /* metar Watch App */ = {
			isa = PBXFileSystemSynchronizedRootGroup;
			path = "metar Watch App";
			sourceTree = "<group>";
		};
/* End PBXFileSystemSynchronizedRootGroup section */

/* Begin PBXFrameworksBuildPhase section */
		036ACB333060B8C100675FEA /* Frameworks */ = {
			isa = PBXFrameworksBuildPhase;
			buildActionMask = 2147483647;
			files = (
			);
			runOnlyForDeploymentPostprocessing = 0;
		};
		036ACB58A000000000000001 /* Frameworks */ = {
			isa = PBXFrameworksBuildPhase;
			buildActionMask = 2147483647;
			files = (
			);
			runOnlyForDeploymentPostprocessing = 0;
		};
/* End PBXFrameworksBuildPhase section */

/* Begin PBXGroup section */
		036ACB293060B8C100675FEA = {
			isa = PBXGroup;
			children = (
				036ACB3A3060B8C100675FEA /* metar Watch App */,
				036ACB52A000000000000001 /* metar Complications */,
				036ACB313060B8C100675FEA /* Products */,
			);
			sourceTree = "<group>";
		};
		036ACB313060B8C100675FEA /* Products */ = {
			isa = PBXGroup;
			children = (
				036ACB303060B8C100675FEA /* metar.app */,
				036ACB363060B8C100675FEA /* metar Watch App.app */,
				036ACB51A000000000000001 /* metar Complications.appex */,
			);
			name = Products;
			sourceTree = "<group>";
		};
		036ACB52A000000000000001 /* metar Complications */ = {
			isa = PBXGroup;
			children = (
				036ACB53A000000000000001 /* METARComplication.swift */,
				036ACB61A000000000000001 /* Info.plist */,
			);
			path = "metar Complications";
			sourceTree = "<group>";
		};
/* End PBXGroup section */

/* Begin PBXNativeTarget section */
		036ACB2F3060B8C100675FEA /* metar */ = {
			isa = PBXNativeTarget;
			buildConfigurationList = 036ACB473060B8C200675FEA /* Build configuration list for PBXNativeTarget "metar" */;
			buildPhases = (
				036ACB2E3060B8C100675FEA /* Resources */,
				036ACB463060B8C200675FEA /* Embed Watch Content */,
			);
			buildRules = (
			);
			dependencies = (
				036ACB393060B8C100675FEA /* PBXTargetDependency */,
			);
			name = metar;
			packageProductDependencies = (
			);
			productName = metar;
			productReference = 036ACB303060B8C100675FEA /* metar.app */;
			productType = "com.apple.product-type.application.watchapp2-container";
		};
		036ACB353060B8C100675FEA /* metar Watch App */ = {
			isa = PBXNativeTarget;
			buildConfigurationList = 036ACB433060B8C200675FEA /* Build configuration list for PBXNativeTarget "metar Watch App" */;
			buildPhases = (
				036ACB323060B8C100675FEA /* Sources */,
				036ACB333060B8C100675FEA /* Frameworks */,
				036ACB343060B8C100675FEA /* Resources */,
				036ACB59A000000000000001 /* Embed Watch Extensions */,
			);
			buildRules = (
			);
			dependencies = (
				036ACB5EA000000000000001 /* PBXTargetDependency */,
			);
			fileSystemSynchronizedGroups = (
				036ACB3A3060B8C100675FEA /* metar Watch App */,
			);
			name = "metar Watch App";
			packageProductDependencies = (
			);
			productName = "metar Watch App";
			productReference = 036ACB363060B8C100675FEA /* metar Watch App.app */;
			productType = "com.apple.product-type.application";
		};
		036ACB56A000000000000001 /* metar Complications */ = {
			isa = PBXNativeTarget;
			buildConfigurationList = 036ACB5CA000000000000001 /* Build configuration list for PBXNativeTarget "metar Complications" */;
			buildPhases = (
				036ACB57A000000000000001 /* Sources */,
				036ACB58A000000000000001 /* Frameworks */,
				036ACB55A000000000000001 /* Resources */,
			);
			buildRules = (
			);
			dependencies = (
			);
			name = "metar Complications";
			productName = "metar Complications";
			productReference = 036ACB51A000000000000001 /* metar Complications.appex */;
			productType = "com.apple.product-type.app-extension";
		};
/* End PBXNativeTarget section */

/* Begin PBXProject section */
		036ACB2A3060B8C100675FEA /* Project object */ = {
			isa = PBXProject;
			attributes = {
				BuildIndependentTargetsInParallel = 1;
				LastSwiftUpdateCheck = 2630;
				LastUpgradeCheck = 2630;
				TargetAttributes = {
					036ACB2F3060B8C100675FEA = {
						CreatedOnToolsVersion = 26.3;
					};
					036ACB353060B8C100675FEA = {
						CreatedOnToolsVersion = 26.3;
					};
				};
			};
			buildConfigurationList = 036ACB2D3060B8C100675FEA /* Build configuration list for PBXProject "metar" */;
			developmentRegion = en;
			hasScannedForEncodings = 0;
			knownRegions = (
				en,
				Base,
			);
			mainGroup = 036ACB293060B8C100675FEA;
			minimizedProjectReferenceProxies = 1;
			preferredProjectObjectVersion = 77;
			productRefGroup = 036ACB313060B8C100675FEA /* Products */;
			projectDirPath = "";
			projectRoot = "";
			targets = (
				036ACB2F3060B8C100675FEA /* metar */,
				036ACB353060B8C100675FEA /* metar Watch App */,
				036ACB56A000000000000001 /* metar Complications */,
			);
		};
/* End PBXProject section */

/* Begin PBXResourcesBuildPhase section */
		036ACB2E3060B8C100675FEA /* Resources */ = {
			isa = PBXResourcesBuildPhase;
			buildActionMask = 2147483647;
			files = (
			);
			runOnlyForDeploymentPostprocessing = 0;
		};
		036ACB343060B8C100675FEA /* Resources */ = {
			isa = PBXResourcesBuildPhase;
			buildActionMask = 2147483647;
			files = (
			);
			runOnlyForDeploymentPostprocessing = 0;
		};
		036ACB55A000000000000001 /* Resources */ = {
			isa = PBXResourcesBuildPhase;
			buildActionMask = 2147483647;
			files = (
			);
			runOnlyForDeploymentPostprocessing = 0;
		};
/* End PBXResourcesBuildPhase section */

/* Begin PBXSourcesBuildPhase section */
		036ACB323060B8C100675FEA /* Sources */ = {
			isa = PBXSourcesBuildPhase;
			buildActionMask = 2147483647;
			files = (
			);
			runOnlyForDeploymentPostprocessing = 0;
		};
		036ACB57A000000000000001 /* Sources */ = {
			isa = PBXSourcesBuildPhase;
			buildActionMask = 2147483647;
			files = (
				036ACB54A000000000000001 /* METARComplication.swift in Sources */,
			);
			runOnlyForDeploymentPostprocessing = 0;
		};
/* End PBXSourcesBuildPhase section */

/* Begin PBXTargetDependency section */
		036ACB393060B8C100675FEA /* PBXTargetDependency */ = {
			isa = PBXTargetDependency;
			target = 036ACB353060B8C100675FEA /* metar Watch App */;
			targetProxy = 036ACB383060B8C100675FEA /* PBXContainerItemProxy */;
		};
		036ACB5EA000000000000001 /* PBXTargetDependency */ = {
			isa = PBXTargetDependency;
			target = 036ACB56A000000000000001 /* metar Complications */;
			targetProxy = 036ACB5DA000000000000001 /* PBXContainerItemProxy */;
		};
/* End PBXTargetDependency section */

/* Begin XCBuildConfiguration section */
		036ACB413060B8C200675FEA /* Debug */ = {
			isa = XCBuildConfiguration;
			buildSettings = {
				ALWAYS_SEARCH_USER_PATHS = NO;
				ASSETCATALOG_COMPILER_GENERATE_SWIFT_ASSET_SYMBOL_EXTENSIONS = YES;
				CLANG_ANALYZER_NONNULL = YES;
				CLANG_ANALYZER_NUMBER_OBJECT_CONVERSION = YES_AGGRESSIVE;
				CLANG_CXX_LANGUAGE_STANDARD = "gnu++20";
				CLANG_ENABLE_MODULES = YES;
				CLANG_ENABLE_OBJC_ARC = YES;
				CLANG_ENABLE_OBJC_WEAK = YES;
				CLANG_WARN_BLOCK_CAPTURE_AUTORELEASING = YES;
				CLANG_WARN_BOOL_CONVERSION = YES;
				CLANG_WARN_COMMA = YES;
				CLANG_WARN_CONSTANT_CONVERSION = YES;
				CLANG_WARN_DEPRECATED_OBJC_IMPLEMENTATIONS = YES;
				CLANG_WARN_DIRECT_OBJC_ISA_USAGE = YES_ERROR;
				CLANG_WARN_DOCUMENTATION_COMMENTS = YES;
				CLANG_WARN_EMPTY_BODY = YES;
				CLANG_WARN_ENUM_CONVERSION = YES;
				CLANG_WARN_INFINITE_RECURSION = YES;
				CLANG_WARN_INT_CONVERSION = YES;
				CLANG_WARN_NON_LITERAL_NULL_CONVERSION = YES;
				CLANG_WARN_OBJC_IMPLICIT_RETAIN_SELF = YES;
				CLANG_WARN_OBJC_LITERAL_CONVERSION = YES;
				CLANG_WARN_OBJC_ROOT_CLASS = YES_ERROR;
				CLANG_WARN_QUOTED_INCLUDE_IN_FRAMEWORK_HEADER = YES;
				CLANG_WARN_RANGE_LOOP_ANALYSIS = YES;
				CLANG_WARN_STRICT_PROTOTYPES = YES;
				CLANG_WARN_SUSPICIOUS_MOVE = YES;
				CLANG_WARN_UNGUARDED_AVAILABILITY = YES_AGGRESSIVE;
				CLANG_WARN_UNREACHABLE_CODE = YES;
				CLANG_WARN__DUPLICATE_METHOD_MATCH = YES;
				COPY_PHASE_STRIP = NO;
				DEBUG_INFORMATION_FORMAT = dwarf;
				DEVELOPMENT_TEAM = N7C8DEK852;
				ENABLE_STRICT_OBJC_MSGSEND = YES;
				ENABLE_TESTABILITY = YES;
				ENABLE_USER_SCRIPT_SANDBOXING = YES;
				GCC_C_LANGUAGE_STANDARD = gnu17;
				GCC_DYNAMIC_NO_PIC = NO;
				GCC_NO_COMMON_BLOCKS = YES;
				GCC_OPTIMIZATION_LEVEL = 0;
				GCC_PREPROCESSOR_DEFINITIONS = (
					"DEBUG=1",
					"$(inherited)",
				);
				GCC_WARN_64_TO_32_BIT_CONVERSION = YES;
				GCC_WARN_ABOUT_RETURN_TYPE = YES_ERROR;
				GCC_WARN_UNDECLARED_SELECTOR = YES;
				GCC_WARN_UNINITIALIZED_AUTOS = YES_AGGRESSIVE;
				GCC_WARN_UNUSED_FUNCTION = YES;
				GCC_WARN_UNUSED_VARIABLE = YES;
				LOCALIZATION_PREFERS_STRING_CATALOGS = YES;
				MTL_ENABLE_DEBUG_INFO = INCLUDE_SOURCE;
				MTL_FAST_MATH = YES;
				ONLY_ACTIVE_ARCH = YES;
				SWIFT_ACTIVE_COMPILATION_CONDITIONS = "DEBUG $(inherited)";
				SWIFT_OPTIMIZATION_LEVEL = "-Onone";
			};
			name = Debug;
		};
		036ACB423060B8C200675FEA /* Release */ = {
			isa = XCBuildConfiguration;
			buildSettings = {
				ALWAYS_SEARCH_USER_PATHS = NO;
				ASSETCATALOG_COMPILER_GENERATE_SWIFT_ASSET_SYMBOL_EXTENSIONS = YES;
				CLANG_ANALYZER_NONNULL = YES;
				CLANG_ANALYZER_NUMBER_OBJECT_CONVERSION = YES_AGGRESSIVE;
				CLANG_CXX_LANGUAGE_STANDARD = "gnu++20";
				CLANG_ENABLE_MODULES = YES;
				CLANG_ENABLE_OBJC_ARC = YES;
				CLANG_ENABLE_OBJC_WEAK = YES;
				CLANG_WARN_BLOCK_CAPTURE_AUTORELEASING = YES;
				CLANG_WARN_BOOL_CONVERSION = YES;
				CLANG_WARN_COMMA = YES;
				CLANG_WARN_CONSTANT_CONVERSION = YES;
				CLANG_WARN_DEPRECATED_OBJC_IMPLEMENTATIONS = YES;
				CLANG_WARN_DIRECT_OBJC_ISA_USAGE = YES_ERROR;
				CLANG_WARN_DOCUMENTATION_COMMENTS = YES;
				CLANG_WARN_EMPTY_BODY = YES;
				CLANG_WARN_ENUM_CONVERSION = YES;
				CLANG_WARN_INFINITE_RECURSION = YES;
				CLANG_WARN_INT_CONVERSION = YES;
				CLANG_WARN_NON_LITERAL_NULL_CONVERSION = YES;
				CLANG_WARN_OBJC_IMPLICIT_RETAIN_SELF = YES;
				CLANG_WARN_OBJC_LITERAL_CONVERSION = YES;
				CLANG_WARN_OBJC_ROOT_CLASS = YES_ERROR;
				CLANG_WARN_QUOTED_INCLUDE_IN_FRAMEWORK_HEADER = YES;
				CLANG_WARN_RANGE_LOOP_ANALYSIS = YES;
				CLANG_WARN_STRICT_PROTOTYPES = YES;
				CLANG_WARN_SUSPICIOUS_MOVE = YES;
				CLANG_WARN_UNGUARDED_AVAILABILITY = YES_AGGRESSIVE;
				CLANG_WARN_UNREACHABLE_CODE = YES;
				CLANG_WARN__DUPLICATE_METHOD_MATCH = YES;
				COPY_PHASE_STRIP = NO;
				DEBUG_INFORMATION_FORMAT = "dwarf-with-dsym";
				DEVELOPMENT_TEAM = N7C8DEK852;
				ENABLE_NS_ASSERTIONS = NO;
				ENABLE_STRICT_OBJC_MSGSEND = YES;
				ENABLE_USER_SCRIPT_SANDBOXING = YES;
				GCC_C_LANGUAGE_STANDARD = gnu17;
				GCC_NO_COMMON_BLOCKS = YES;
				GCC_WARN_64_TO_32_BIT_CONVERSION = YES;
				GCC_WARN_ABOUT_RETURN_TYPE = YES_ERROR;
				GCC_WARN_UNDECLARED_SELECTOR = YES;
				GCC_WARN_UNINITIALIZED_AUTOS = YES_AGGRESSIVE;
				GCC_WARN_UNUSED_FUNCTION = YES;
				GCC_WARN_UNUSED_VARIABLE = YES;
				LOCALIZATION_PREFERS_STRING_CATALOGS = YES;
				MTL_ENABLE_DEBUG_INFO = NO;
				MTL_FAST_MATH = YES;
				SWIFT_COMPILATION_MODE = wholemodule;
			};
			name = Release;
		};
		036ACB443060B8C200675FEA /* Debug */ = {
			isa = XCBuildConfiguration;
			buildSettings = {
				ASSETCATALOG_COMPILER_APPICON_NAME = AppIcon;
				ASSETCATALOG_COMPILER_GLOBAL_ACCENT_COLOR_NAME = AccentColor;
				CODE_SIGN_ENTITLEMENTS = "metar Watch App/metar Watch App.entitlements";
				CODE_SIGN_STYLE = Automatic;
				CURRENT_PROJECT_VERSION = 1;
				DEVELOPMENT_TEAM = N7C8DEK852;
				ENABLE_PREVIEWS = YES;
				GENERATE_INFOPLIST_FILE = YES;
				INFOPLIST_KEY_CFBundleDisplayName = "METAR - Free Aviation WX";
				INFOPLIST_KEY_ITSAppUsesNonExemptEncryption = NO;
				INFOPLIST_KEY_CFBundleName = "METAR - Free Aviation WX";
				INFOPLIST_KEY_UISupportedInterfaceOrientations = "UIInterfaceOrientationPortrait UIInterfaceOrientationPortraitUpsideDown";
				INFOPLIST_KEY_WKWatchOnly = YES;
				LD_RUNPATH_SEARCH_PATHS = (
					"$(inherited)",
					"@executable_path/Frameworks",
				);
				MARKETING_VERSION = 1.0;
				PRODUCT_BUNDLE_IDENTIFIER = com.joshspicer.metar.watchkitapp;
				PRODUCT_NAME = "$(TARGET_NAME)";
				SDKROOT = watchos;
				SKIP_INSTALL = YES;
				STRING_CATALOG_GENERATE_SYMBOLS = YES;
				SWIFT_APPROACHABLE_CONCURRENCY = YES;
				SWIFT_DEFAULT_ACTOR_ISOLATION = MainActor;
				SWIFT_EMIT_LOC_STRINGS = YES;
				SWIFT_UPCOMING_FEATURE_MEMBER_IMPORT_VISIBILITY = YES;
				SWIFT_VERSION = 5.0;
				TARGETED_DEVICE_FAMILY = 4;
				WATCHOS_DEPLOYMENT_TARGET = 26.2;
			};
			name = Debug;
		};
		036ACB453060B8C200675FEA /* Release */ = {
			isa = XCBuildConfiguration;
			buildSettings = {
				ASSETCATALOG_COMPILER_APPICON_NAME = AppIcon;
				ASSETCATALOG_COMPILER_GLOBAL_ACCENT_COLOR_NAME = AccentColor;
				CODE_SIGN_ENTITLEMENTS = "metar Watch App/metar Watch App.entitlements";
				CODE_SIGN_STYLE = Automatic;
				CURRENT_PROJECT_VERSION = 1;
				DEVELOPMENT_TEAM = N7C8DEK852;
				ENABLE_PREVIEWS = YES;
				GENERATE_INFOPLIST_FILE = YES;
				INFOPLIST_KEY_CFBundleDisplayName = "METAR - Free Aviation WX";
				INFOPLIST_KEY_ITSAppUsesNonExemptEncryption = NO;
				INFOPLIST_KEY_CFBundleName = "METAR - Free Aviation WX";
				INFOPLIST_KEY_UISupportedInterfaceOrientations = "UIInterfaceOrientationPortrait UIInterfaceOrientationPortraitUpsideDown";
				INFOPLIST_KEY_WKWatchOnly = YES;
				LD_RUNPATH_SEARCH_PATHS = (
					"$(inherited)",
					"@executable_path/Frameworks",
				);
				MARKETING_VERSION = 1.0;
				PRODUCT_BUNDLE_IDENTIFIER = com.joshspicer.metar.watchkitapp;
				PRODUCT_NAME = "$(TARGET_NAME)";
				SDKROOT = watchos;
				SKIP_INSTALL = YES;
				STRING_CATALOG_GENERATE_SYMBOLS = YES;
				SWIFT_APPROACHABLE_CONCURRENCY = YES;
				SWIFT_DEFAULT_ACTOR_ISOLATION = MainActor;
				SWIFT_EMIT_LOC_STRINGS = YES;
				SWIFT_UPCOMING_FEATURE_MEMBER_IMPORT_VISIBILITY = YES;
				SWIFT_VERSION = 5.0;
				TARGETED_DEVICE_FAMILY = 4;
				VALIDATE_PRODUCT = YES;
				WATCHOS_DEPLOYMENT_TARGET = 26.2;
			};
			name = Release;
		};
		036ACB483060B8C200675FEA /* Debug */ = {
			isa = XCBuildConfiguration;
			buildSettings = {
				CODE_SIGN_STYLE = Automatic;
				CURRENT_PROJECT_VERSION = 1;
				DEVELOPMENT_TEAM = N7C8DEK852;
				INFOPLIST_KEY_CFBundleDisplayName = "METAR - Free Aviation WX";
				INFOPLIST_KEY_ITSAppUsesNonExemptEncryption = NO;
				INFOPLIST_KEY_CFBundleName = "METAR - Free Aviation WX";
				MARKETING_VERSION = 1.0;
				PRODUCT_BUNDLE_IDENTIFIER = com.joshspicer.metar;
				PRODUCT_NAME = "METAR - Free Aviation WX";
				SDKROOT = iphoneos;
				SWIFT_APPROACHABLE_CONCURRENCY = YES;
				SWIFT_UPCOMING_FEATURE_MEMBER_IMPORT_VISIBILITY = YES;
				SWIFT_VERSION = 5.0;
			};
			name = Debug;
		};
		036ACB493060B8C200675FEA /* Release */ = {
			isa = XCBuildConfiguration;
			buildSettings = {
				CODE_SIGN_STYLE = Automatic;
				CURRENT_PROJECT_VERSION = 1;
				DEVELOPMENT_TEAM = N7C8DEK852;
				INFOPLIST_KEY_CFBundleDisplayName = "METAR - Free Aviation WX";
				INFOPLIST_KEY_ITSAppUsesNonExemptEncryption = NO;
				INFOPLIST_KEY_CFBundleName = "METAR - Free Aviation WX";
				MARKETING_VERSION = 1.0;
				PRODUCT_BUNDLE_IDENTIFIER = com.joshspicer.metar;
				PRODUCT_NAME = "METAR - Free Aviation WX";
				SDKROOT = iphoneos;
				SWIFT_APPROACHABLE_CONCURRENCY = YES;
				SWIFT_UPCOMING_FEATURE_MEMBER_IMPORT_VISIBILITY = YES;
				SWIFT_VERSION = 5.0;
				VALIDATE_PRODUCT = YES;
			};
			name = Release;
		};
		036ACB5AA000000000000001 /* Debug */ = {
			isa = XCBuildConfiguration;
			buildSettings = {
				CODE_SIGN_ENTITLEMENTS = "metar Complications/metar Complications.entitlements";
				CODE_SIGN_STYLE = Automatic;
				CURRENT_PROJECT_VERSION = 1;
				DEVELOPMENT_TEAM = N7C8DEK852;
				INFOPLIST_FILE = "metar Complications/Info.plist";
				INFOPLIST_KEY_ITSAppUsesNonExemptEncryption = NO;
				MARKETING_VERSION = 1.0;
				PRODUCT_BUNDLE_IDENTIFIER = com.joshspicer.metar.watchkitapp.complications;
				PRODUCT_NAME = "$(TARGET_NAME)";
				SDKROOT = watchos;
				SKIP_INSTALL = YES;
				SWIFT_APPROACHABLE_CONCURRENCY = YES;
				SWIFT_DEFAULT_ACTOR_ISOLATION = MainActor;
				SWIFT_VERSION = 5.0;
				TARGETED_DEVICE_FAMILY = 4;
				WATCHOS_DEPLOYMENT_TARGET = 26.2;
			};
			name = Debug;
		};
		036ACB5BA000000000000001 /* Release */ = {
			isa = XCBuildConfiguration;
			buildSettings = {
				CODE_SIGN_ENTITLEMENTS = "metar Complications/metar Complications.entitlements";
				CODE_SIGN_STYLE = Automatic;
				CURRENT_PROJECT_VERSION = 1;
				DEVELOPMENT_TEAM = N7C8DEK852;
				INFOPLIST_FILE = "metar Complications/Info.plist";
				INFOPLIST_KEY_ITSAppUsesNonExemptEncryption = NO;
				MARKETING_VERSION = 1.0;
				PRODUCT_BUNDLE_IDENTIFIER = com.joshspicer.metar.watchkitapp.complications;
				PRODUCT_NAME = "$(TARGET_NAME)";
				SDKROOT = watchos;
				SKIP_INSTALL = YES;
				SWIFT_APPROACHABLE_CONCURRENCY = YES;
				SWIFT_DEFAULT_ACTOR_ISOLATION = MainActor;
				SWIFT_VERSION = 5.0;
				TARGETED_DEVICE_FAMILY = 4;
				WATCHOS_DEPLOYMENT_TARGET = 26.2;
			};
			name = Release;
		};
/* End XCBuildConfiguration section */

/* Begin XCConfigurationList section */
		036ACB2D3060B8C100675FEA /* Build configuration list for PBXProject "metar" */ = {
			isa = XCConfigurationList;
			buildConfigurations = (
				036ACB413060B8C200675FEA /* Debug */,
				036ACB423060B8C200675FEA /* Release */,
			);
			defaultConfigurationIsVisible = 0;
			defaultConfigurationName = Release;
		};
		036ACB433060B8C200675FEA /* Build configuration list for PBXNativeTarget "metar Watch App" */ = {
			isa = XCConfigurationList;
			buildConfigurations = (
				036ACB443060B8C200675FEA /* Debug */,
				036ACB453060B8C200675FEA /* Release */,
			);
			defaultConfigurationIsVisible = 0;
			defaultConfigurationName = Release;
		};
		036ACB473060B8C200675FEA /* Build configuration list for PBXNativeTarget "metar" */ = {
			isa = XCConfigurationList;
			buildConfigurations = (
				036ACB483060B8C200675FEA /* Debug */,
				036ACB493060B8C200675FEA /* Release */,
			);
			defaultConfigurationIsVisible = 0;
			defaultConfigurationName = Release;
		};
		036ACB5CA000000000000001 /* Build configuration list for PBXNativeTarget "metar Complications" */ = {
			isa = XCConfigurationList;
			buildConfigurations = (
				036ACB5AA000000000000001 /* Debug */,
				036ACB5BA000000000000001 /* Release */,
			);
			defaultConfigurationIsVisible = 0;
			defaultConfigurationName = Release;
		};
/* End XCConfigurationList section */
	};
	rootObject = 036ACB2A3060B8C100675FEA /* Project object */;
}
